
Microsoft Visual Studio Solution File, Format Version 12.00
# Visual Studio Version 17
VisualStudioVersion = 17.0.32112.339
MinimumVisualStudioVersion = 10.0.40219.1
Project("{8BC9CEB8-8B4A-11D0-8D11-00A0C91BC942}") = "mario_windows", "mario_windows\mario_windows.vcxproj", "{6F5171EC-A01A-48EC-8926-F5D80D04F809}"
EndProject
Project("{8BC9CEB8-8B4A-11D0-8D11-00A0C91BC942}") = "MarioEngine_Window", "MarioEngine_Window\MarioEngine_Window.vcxproj", "{0CFA8B08-CABF-4CD3-A942-DB5D58D89D2F}"
EndProject
Project("{8BC9CEB8-8B4A-11D0-8D11-00A0C91BC942}") = "MarioEngine_Source", "MarioEngine_Source\MarioEngine_Source.vcxitems", "{75ACF453-3F95-4105-B3A2-28CAA96C15CD}"
EndProject
Global
	GlobalSection(SharedMSBuildProjectFiles) = preSolution
		MarioEngine_Source\MarioEngine_Source.vcxitems*{0cfa8b08-cabf-4cd3-a942-db5d58d89d2f}*SharedItemsImports = 4
		MarioEngine_Source\MarioEngine_Source.vcxitems*{75acf453-3f95-4105-b3a2-28caa96c15cd}*SharedItemsImports = 9
	EndGlobalSection
	GlobalSection(SolutionConfigurationPlatforms) = preSolution
		Debug|x64 = Debug|x64
		Debug|x86 = Debug|x86
		Release|x64 = Release|x64
		Release|x86 = Release|x86
	EndGlobalSection
	GlobalSection(ProjectConfigurationPlatforms) = postSolution
		{6F5171EC-A01A-48EC-8926-F5D80D04F809}.Debug|x64.ActiveCfg = Debug|x64
		{6F5171EC-A01A-48EC-8926-F5D80D04F809}.Debug|x64.Build.0 = Debug|x64
		{6F5171EC-A01A-48EC-8926-F5D80D04F809}.Debug|x86.ActiveCfg = Debug|Win32
		{6F5171EC-A01A-48EC-8926-F5D80D04F809}.Debug|x86.Build.0 = Debug|Win32
		{6F5171EC-A01A-48EC-8926-F5D80D04F809}.Release|x64.ActiveCfg = Release|x64
		{6F5171EC-A01A-48EC-8926-F5D80D04F809}.Release|x64.Build.0 = Release|x64
		{6F5171EC-A01A-48EC-8926-F5D80D04F809}.Release|x86.ActiveCfg = Release|Win32
		{6F5171EC-A01A-48EC-8926-F5D80D04F809}.Release|x86.Build.0 = Release|Win32
		{0CFA8B08-CABF-4CD3-A942-DB5D58D89D2F}.Debug|x64.ActiveCfg = Debug|x64
		{0CFA8B08-CABF-4CD3-A942-DB5D58D89D2F}.Debug|x64.Build.0 = Debug|x64
		{0CFA8B08-CABF-4CD3-A942-DB5D58D89D2F}.Debug|x86.ActiveCfg = Debug|Win32
		{0CFA8B08-CABF-4CD3-A942-DB5D58D89D2F}.Debug|x86.Build.0 = Debug|Win32
		{0CFA8B08-CABF-4CD3-A942-DB5D58D89D2F}.Release|x64.ActiveCfg = Release|x64
		{0CFA8B08-CABF-4CD3-A942-DB5D58D89D2F}.Release|x64.Build.0 = Release|x64
		{0CFA8B08-CABF-4CD3-A942-DB5D58D89D2F}.Release|x86.ActiveCfg = Release|Win32
		{0CFA8B08-CABF-4CD3-A942-DB5D58D89D2F}.Release|x86.Build.0 = Release|Win32
	EndGlobalSection
	GlobalSection(SolutionProperties) = preSolution
		HideSolutionNode = FALSE
	EndGlobalSection
	GlobalSection(ExtensibilityGlobals) = postSolution
		SolutionGuid = {48C775CD-FC7B-4485-B2E7-718127F71ADD}
	EndGlobalSection
EndGlobal
